
Microsoft Visual Studio Solution File, Format Version 12.00
# Visual Studio Version 17
VisualStudioVersion = 17.4.33122.133
MinimumVisualStudioVersion = 10.0.40219.1
Project("{FAE04EC0-301F-11D3-BF4B-00C04F79EFBC}") = "Recyle-Project.Web", "Recyle-Project.Web\Recyle-Project.Web.csproj", "{ED0000A1-FE96-4BAC-B1FD-2DD17002F4D8}"
EndProject
Global
	GlobalSection(SolutionConfigurationPlatforms) = preSolution
		Debug|Any CPU = Debug|Any CPU
		Release|Any CPU = Release|Any CPU
	EndGlobalSection
	GlobalSection(ProjectConfigurationPlatforms) = postSolution
		{ED0000A1-FE96-4BAC-B1FD-2DD17002F4D8}.Debug|Any CPU.ActiveCfg = Debug|Any CPU
		{ED0000A1-FE96-4BAC-B1FD-2DD17002F4D8}.Debug|Any CPU.Build.0 = Debug|Any CPU
		{ED0000A1-FE96-4BAC-B1FD-2DD17002F4D8}.Release|Any CPU.ActiveCfg = Release|Any CPU
		{ED0000A1-FE96-4BAC-B1FD-2DD17002F4D8}.Release|Any CPU.Build.0 = Release|Any CPU
	EndGlobalSection
	GlobalSection(SolutionProperties) = preSolution
		HideSolutionNode = FALSE
	EndGlobalSection
	GlobalSection(ExtensibilityGlobals) = postSolution
		SolutionGuid = {295D03C8-6E0C-4F16-A9EA-1F8AF3723BA4}
	EndGlobalSection
EndGlobal
